
Microsoft Visual Studio Solution File, Format Version 12.00
# Visual Studio 2013
VisualStudioVersion = 12.0.30723.0
MinimumVisualStudioVersion = 10.0.40219.1
Project("{2150E333-8FDC-42A3-9474-1A3956D46DE8}") = "Solution Items", "Solution Items", "{D225F641-15E5-40A9-9B48-9FEBDACF707F}"
	ProjectSection(SolutionItems) = preProject
		..\nuget\Yaclops.nuspec = ..\nuget\Yaclops.nuspec
	EndProjectSection
EndProject
Project("{FAE04EC0-301F-11D3-BF4B-00C04F79EFBC}") = "Yaclops", "Yaclops\Yaclops.csproj", "{A2F7F7B4-AB6C-41A2-A5EF-05905D681319}"
EndProject
Project("{FAE04EC0-301F-11D3-BF4B-00C04F79EFBC}") = "Yaclops.Tests", "Yaclops.Tests\Yaclops.Tests.csproj", "{7BF53DE0-C2B6-4DAD-A02C-DC2E898E88DD}"
EndProject
Project("{FAE04EC0-301F-11D3-BF4B-00C04F79EFBC}") = "Sample", "Sample\Sample.csproj", "{F98F6C2C-B8B3-4147-AAD2-15F6FC14C560}"
EndProject
Global
	GlobalSection(SolutionConfigurationPlatforms) = preSolution
		Debug|Any CPU = Debug|Any CPU
		Release|Any CPU = Release|Any CPU
	EndGlobalSection
	GlobalSection(ProjectConfigurationPlatforms) = postSolution
		{A2F7F7B4-AB6C-41A2-A5EF-05905D681319}.Debug|Any CPU.ActiveCfg = Debug|Any CPU
		{A2F7F7B4-AB6C-41A2-A5EF-05905D681319}.Debug|Any CPU.Build.0 = Debug|Any CPU
		{A2F7F7B4-AB6C-41A2-A5EF-05905D681319}.Release|Any CPU.ActiveCfg = Release|Any CPU
		{A2F7F7B4-AB6C-41A2-A5EF-05905D681319}.Release|Any CPU.Build.0 = Release|Any CPU
		{7BF53DE0-C2B6-4DAD-A02C-DC2E898E88DD}.Debug|Any CPU.ActiveCfg = Debug|Any CPU
		{7BF53DE0-C2B6-4DAD-A02C-DC2E898E88DD}.Debug|Any CPU.Build.0 = Debug|Any CPU
		{7BF53DE0-C2B6-4DAD-A02C-DC2E898E88DD}.Release|Any CPU.ActiveCfg = Release|Any CPU
		{7BF53DE0-C2B6-4DAD-A02C-DC2E898E88DD}.Release|Any CPU.Build.0 = Release|Any CPU
		{F98F6C2C-B8B3-4147-AAD2-15F6FC14C560}.Debug|Any CPU.ActiveCfg = Debug|Any CPU
		{F98F6C2C-B8B3-4147-AAD2-15F6FC14C560}.Debug|Any CPU.Build.0 = Debug|Any CPU
		{F98F6C2C-B8B3-4147-AAD2-15F6FC14C560}.Release|Any CPU.ActiveCfg = Release|Any CPU
		{F98F6C2C-B8B3-4147-AAD2-15F6FC14C560}.Release|Any CPU.Build.0 = Release|Any CPU
	EndGlobalSection
	GlobalSection(SolutionProperties) = preSolution
		HideSolutionNode = FALSE
	EndGlobalSection
EndGlobal
