
Microsoft Visual Studio Solution File, Format Version 12.00
# Visual Studio 2013
VisualStudioVersion = 12.0.30723.0
MinimumVisualStudioVersion = 10.0.40219.1
Project("{2150E333-8FDC-42A3-9474-1A3956D46DE8}") = "Solution Items", "Solution Items", "{D225F641-15E5-40A9-9B48-9FEBDACF707F}"
	ProjectSection(SolutionItems) = preProject
		..\nuget\Yaclops.nuspec = ..\nuget\Yaclops.nuspec
	EndProjectSection
EndProject
Project("{FAE04EC0-301F-11D3-BF4B-00C04F79EFBC}") = "Yaclops", "Yaclops\Yaclops.csproj", "{A2F7F7B4-AB6C-41A2-A5EF-05905D681319}"
EndProject
Project("{FAE04EC0-301F-11D3-BF4B-00C04F79EFBC}") = "Yaclops.Tests", "Yaclops.Tests\Yaclops.Tests.csproj", "{7BF53DE0-C2B6-4DAD-A02C-DC2E898E88DD}"
EndProject
Project("{FAE04EC0-301F-11D3-BF4B-00C04F79EFBC}") = "Sample", "Samples\Sample\Sample.csproj", "{F98F6C2C-B8B3-4147-AAD2-15F6FC14C560}"
EndProject
Project("{2150E333-8FDC-42A3-9474-1A3956D46DE8}") = "Samples", "Samples", "{B49A4A89-1D55-4AF7-B987-0EB71010CAE8}"
EndProject
Project("{FAE04EC0-301F-11D3-BF4B-00C04F79EFBC}") = "Injection", "Samples\Injection\Injection.csproj", "{69FF1FD7-368B-49D1-88D9-EFBBA0435003}"
EndProject
Project("{FAE04EC0-301F-11D3-BF4B-00C04F79EFBC}") = "SampleHelpers", "Samples\SampleHelpers\SampleHelpers.csproj", "{E9FC64ED-16B9-4B84-9B92-2D06805E9FAC}"
EndProject
Project("{2150E333-8FDC-42A3-9474-1A3956D46DE8}") = "DevTools", "DevTools", "{1B2C0945-C28D-40ED-8053-B99895BD783C}"
EndProject
Project("{FAE04EC0-301F-11D3-BF4B-00C04F79EFBC}") = "SnippetInjector", "devtools\SnippetInjector\SnippetInjector.csproj", "{DDD6E89D-F1A4-4B18-B208-E9931327CE0A}"
EndProject
Project("{FAE04EC0-301F-11D3-BF4B-00C04F79EFBC}") = "Simple", "Samples\Simple\Simple.csproj", "{F561F988-58CD-45D4-BE13-997D639C0804}"
EndProject
Global
	GlobalSection(SolutionConfigurationPlatforms) = preSolution
		Debug|Any CPU = Debug|Any CPU
		Release|Any CPU = Release|Any CPU
	EndGlobalSection
	GlobalSection(ProjectConfigurationPlatforms) = postSolution
		{A2F7F7B4-AB6C-41A2-A5EF-05905D681319}.Debug|Any CPU.ActiveCfg = Debug|Any CPU
		{A2F7F7B4-AB6C-41A2-A5EF-05905D681319}.Debug|Any CPU.Build.0 = Debug|Any CPU
		{A2F7F7B4-AB6C-41A2-A5EF-05905D681319}.Release|Any CPU.ActiveCfg = Release|Any CPU
		{A2F7F7B4-AB6C-41A2-A5EF-05905D681319}.Release|Any CPU.Build.0 = Release|Any CPU
		{7BF53DE0-C2B6-4DAD-A02C-DC2E898E88DD}.Debug|Any CPU.ActiveCfg = Debug|Any CPU
		{7BF53DE0-C2B6-4DAD-A02C-DC2E898E88DD}.Debug|Any CPU.Build.0 = Debug|Any CPU
		{7BF53DE0-C2B6-4DAD-A02C-DC2E898E88DD}.Release|Any CPU.ActiveCfg = Release|Any CPU
		{7BF53DE0-C2B6-4DAD-A02C-DC2E898E88DD}.Release|Any CPU.Build.0 = Release|Any CPU
		{F98F6C2C-B8B3-4147-AAD2-15F6FC14C560}.Debug|Any CPU.ActiveCfg = Debug|Any CPU
		{F98F6C2C-B8B3-4147-AAD2-15F6FC14C560}.Debug|Any CPU.Build.0 = Debug|Any CPU
		{F98F6C2C-B8B3-4147-AAD2-15F6FC14C560}.Release|Any CPU.ActiveCfg = Release|Any CPU
		{F98F6C2C-B8B3-4147-AAD2-15F6FC14C560}.Release|Any CPU.Build.0 = Release|Any CPU
		{69FF1FD7-368B-49D1-88D9-EFBBA0435003}.Debug|Any CPU.ActiveCfg = Debug|Any CPU
		{69FF1FD7-368B-49D1-88D9-EFBBA0435003}.Debug|Any CPU.Build.0 = Debug|Any CPU
		{69FF1FD7-368B-49D1-88D9-EFBBA0435003}.Release|Any CPU.ActiveCfg = Release|Any CPU
		{69FF1FD7-368B-49D1-88D9-EFBBA0435003}.Release|Any CPU.Build.0 = Release|Any CPU
		{E9FC64ED-16B9-4B84-9B92-2D06805E9FAC}.Debug|Any CPU.ActiveCfg = Debug|Any CPU
		{E9FC64ED-16B9-4B84-9B92-2D06805E9FAC}.Debug|Any CPU.Build.0 = Debug|Any CPU
		{E9FC64ED-16B9-4B84-9B92-2D06805E9FAC}.Release|Any CPU.ActiveCfg = Release|Any CPU
		{E9FC64ED-16B9-4B84-9B92-2D06805E9FAC}.Release|Any CPU.Build.0 = Release|Any CPU
		{DDD6E89D-F1A4-4B18-B208-E9931327CE0A}.Debug|Any CPU.ActiveCfg = Debug|Any CPU
		{DDD6E89D-F1A4-4B18-B208-E9931327CE0A}.Debug|Any CPU.Build.0 = Debug|Any CPU
		{DDD6E89D-F1A4-4B18-B208-E9931327CE0A}.Release|Any CPU.ActiveCfg = Release|Any CPU
		{DDD6E89D-F1A4-4B18-B208-E9931327CE0A}.Release|Any CPU.Build.0 = Release|Any CPU
		{F561F988-58CD-45D4-BE13-997D639C0804}.Debug|Any CPU.ActiveCfg = Debug|Any CPU
		{F561F988-58CD-45D4-BE13-997D639C0804}.Debug|Any CPU.Build.0 = Debug|Any CPU
		{F561F988-58CD-45D4-BE13-997D639C0804}.Release|Any CPU.ActiveCfg = Release|Any CPU
		{F561F988-58CD-45D4-BE13-997D639C0804}.Release|Any CPU.Build.0 = Release|Any CPU
	EndGlobalSection
	GlobalSection(SolutionProperties) = preSolution
		HideSolutionNode = FALSE
	EndGlobalSection
	GlobalSection(NestedProjects) = preSolution
		{F98F6C2C-B8B3-4147-AAD2-15F6FC14C560} = {B49A4A89-1D55-4AF7-B987-0EB71010CAE8}
		{69FF1FD7-368B-49D1-88D9-EFBBA0435003} = {B49A4A89-1D55-4AF7-B987-0EB71010CAE8}
		{E9FC64ED-16B9-4B84-9B92-2D06805E9FAC} = {B49A4A89-1D55-4AF7-B987-0EB71010CAE8}
		{DDD6E89D-F1A4-4B18-B208-E9931327CE0A} = {1B2C0945-C28D-40ED-8053-B99895BD783C}
		{F561F988-58CD-45D4-BE13-997D639C0804} = {B49A4A89-1D55-4AF7-B987-0EB71010CAE8}
	EndGlobalSection
EndGlobal
